// !$*UTF8*$!
{
	archiveVersion = 1;
	classes = {
	};
	objectVersion = 46;
	objects = {

/* Begin PBXBuildFile section */
		E20B87451DCE248A00D25D21 /* CLUVideoViewController.m in Sources */ = {isa = PBXBuildFile; fileRef = E20B87441DCE248A00D25D21 /* CLUVideoViewController.m */; };
		E20C2CB91DCE1EE600033248 /* AppDelegate.m in Sources */ = {isa = PBXBuildFile; fileRef = E20C2CB81DCE1EE600033248 /* AppDelegate.m */; };
		E20C2CBC1DCE1EE600033248 /* main.m in Sources */ = {isa = PBXBuildFile; fileRef = E20C2CBB1DCE1EE600033248 /* main.m */; };
		E20C2CBF1DCE1EE600033248 /* CLUDocument.m in Sources */ = {isa = PBXBuildFile; fileRef = E20C2CBE1DCE1EE600033248 /* CLUDocument.m */; };
		E20C2CC21DCE1EE600033248 /* Document.xib in Resources */ = {isa = PBXBuildFile; fileRef = E20C2CC01DCE1EE600033248 /* Document.xib */; };
		E20C2CC41DCE1EE600033248 /* Assets.xcassets in Resources */ = {isa = PBXBuildFile; fileRef = E20C2CC31DCE1EE600033248 /* Assets.xcassets */; };
		E20C2CC71DCE1EE600033248 /* MainMenu.xib in Resources */ = {isa = PBXBuildFile; fileRef = E20C2CC51DCE1EE600033248 /* MainMenu.xib */; };
		E2791DD21DCE20FE0010A549 /* clue_document.icns in Resources */ = {isa = PBXBuildFile; fileRef = E2791DD11DCE20FE0010A549 /* clue_document.icns */; };
		E28E17C51DE106F5000CA903 /* CLUVideo.m in Sources */ = {isa = PBXBuildFile; fileRef = E28E17C41DE106F5000CA903 /* CLUVideo.m */; };
		E2BF90E21E32B1EA00B8F18D /* KPCTabsControl.framework in Frameworks */ = {isa = PBXBuildFile; fileRef = E2BF90E11E32B1EA00B8F18D /* KPCTabsControl.framework */; };
		E2BF90E31E32B1F500B8F18D /* KPCTabsControl.framework in CopyFiles */ = {isa = PBXBuildFile; fileRef = E2BF90E11E32B1EA00B8F18D /* KPCTabsControl.framework */; settings = {ATTRIBUTES = (CodeSignOnCopy, RemoveHeadersOnCopy, ); }; };
		E2BF90E61E32B36000B8F18D /* CLUTabBarItem.m in Sources */ = {isa = PBXBuildFile; fileRef = E2BF90E51E32B36000B8F18D /* CLUTabBarItem.m */; };
		E2CB3B371DEB88F400417F26 /* CLUVideoControlsView.m in Sources */ = {isa = PBXBuildFile; fileRef = E2CB3B361DEB88F400417F26 /* CLUVideoControlsView.m */; };
		E2CB3B3A1DEB8A2000417F26 /* CLUTimeSlider.m in Sources */ = {isa = PBXBuildFile; fileRef = E2CB3B391DEB8A2000417F26 /* CLUTimeSlider.m */; };
		E2CB3B3E1DEB8A8300417F26 /* CLUTimeSliderCell.m in Sources */ = {isa = PBXBuildFile; fileRef = E2CB3B3D1DEB8A8300417F26 /* CLUTimeSliderCell.m */; };
		E2CB3B411DEB8E2C00417F26 /* CLUTextLabel.m in Sources */ = {isa = PBXBuildFile; fileRef = E2CB3B401DEB8E2C00417F26 /* CLUTextLabel.m */; };
		E2FA6DC01DF336A300EBDBBA /* CLURootViewController.m in Sources */ = {isa = PBXBuildFile; fileRef = E2FA6DBF1DF336A300EBDBBA /* CLURootViewController.m */; };
/* End PBXBuildFile section */

/* Begin PBXCopyFilesBuildPhase section */
		E29154501E32224800619F5D /* CopyFiles */ = {
			isa = PBXCopyFilesBuildPhase;
			buildActionMask = 2147483647;
			dstPath = "";
			dstSubfolderSpec = 10;
			files = (
				E2BF90E31E32B1F500B8F18D /* KPCTabsControl.framework in CopyFiles */,
			);
			runOnlyForDeploymentPostprocessing = 0;
		};
/* End PBXCopyFilesBuildPhase section */

/* Begin PBXFileReference section */
		E20B87431DCE248A00D25D21 /* CLUVideoViewController.h */ = {isa = PBXFileReference; fileEncoding = 4; lastKnownFileType = sourcecode.c.h; path = CLUVideoViewController.h; sourceTree = "<group>"; };
		E20B87441DCE248A00D25D21 /* CLUVideoViewController.m */ = {isa = PBXFileReference; fileEncoding = 4; lastKnownFileType = sourcecode.c.objc; path = CLUVideoViewController.m; sourceTree = "<group>"; };
		E20C2CB41DCE1EE600033248 /* Clue.app */ = {isa = PBXFileReference; explicitFileType = wrapper.application; includeInIndex = 0; path = Clue.app; sourceTree = BUILT_PRODUCTS_DIR; };
		E20C2CB71DCE1EE600033248 /* AppDelegate.h */ = {isa = PBXFileReference; lastKnownFileType = sourcecode.c.h; path = AppDelegate.h; sourceTree = "<group>"; };
		E20C2CB81DCE1EE600033248 /* AppDelegate.m */ = {isa = PBXFileReference; lastKnownFileType = sourcecode.c.objc; path = AppDelegate.m; sourceTree = "<group>"; };
		E20C2CBB1DCE1EE600033248 /* main.m */ = {isa = PBXFileReference; lastKnownFileType = sourcecode.c.objc; path = main.m; sourceTree = "<group>"; };
		E20C2CBD1DCE1EE600033248 /* CLUDocument.h */ = {isa = PBXFileReference; lastKnownFileType = sourcecode.c.h; path = CLUDocument.h; sourceTree = "<group>"; };
		E20C2CBE1DCE1EE600033248 /* CLUDocument.m */ = {isa = PBXFileReference; lastKnownFileType = sourcecode.c.objc; path = CLUDocument.m; sourceTree = "<group>"; };
		E20C2CC11DCE1EE600033248 /* Base */ = {isa = PBXFileReference; lastKnownFileType = file.xib; name = Base; path = Base.lproj/Document.xib; sourceTree = "<group>"; };
		E20C2CC31DCE1EE600033248 /* Assets.xcassets */ = {isa = PBXFileReference; lastKnownFileType = folder.assetcatalog; path = Assets.xcassets; sourceTree = "<group>"; };
		E20C2CC61DCE1EE600033248 /* Base */ = {isa = PBXFileReference; lastKnownFileType = file.xib; name = Base; path = Base.lproj/MainMenu.xib; sourceTree = "<group>"; };
		E20C2CC81DCE1EE600033248 /* Info.plist */ = {isa = PBXFileReference; lastKnownFileType = text.plist.xml; path = Info.plist; sourceTree = "<group>"; };
		E2791DD11DCE20FE0010A549 /* clue_document.icns */ = {isa = PBXFileReference; lastKnownFileType = image.icns; path = clue_document.icns; sourceTree = "<group>"; };
		E28E17C31DE106F5000CA903 /* CLUVideo.h */ = {isa = PBXFileReference; fileEncoding = 4; lastKnownFileType = sourcecode.c.h; path = CLUVideo.h; sourceTree = "<group>"; };
		E28E17C41DE106F5000CA903 /* CLUVideo.m */ = {isa = PBXFileReference; fileEncoding = 4; lastKnownFileType = sourcecode.c.objc; path = CLUVideo.m; sourceTree = "<group>"; };
		E2BF90E11E32B1EA00B8F18D /* KPCTabsControl.framework */ = {isa = PBXFileReference; lastKnownFileType = wrapper.framework; path = KPCTabsControl.framework; sourceTree = "<group>"; };
		E2BF90E41E32B36000B8F18D /* CLUTabBarItem.h */ = {isa = PBXFileReference; fileEncoding = 4; lastKnownFileType = sourcecode.c.h; path = CLUTabBarItem.h; sourceTree = "<group>"; };
		E2BF90E51E32B36000B8F18D /* CLUTabBarItem.m */ = {isa = PBXFileReference; fileEncoding = 4; lastKnownFileType = sourcecode.c.objc; path = CLUTabBarItem.m; sourceTree = "<group>"; };
		E2CB3B351DEB88F400417F26 /* CLUVideoControlsView.h */ = {isa = PBXFileReference; fileEncoding = 4; lastKnownFileType = sourcecode.c.h; path = CLUVideoControlsView.h; sourceTree = "<group>"; };
		E2CB3B361DEB88F400417F26 /* CLUVideoControlsView.m */ = {isa = PBXFileReference; fileEncoding = 4; lastKnownFileType = sourcecode.c.objc; path = CLUVideoControlsView.m; sourceTree = "<group>"; };
		E2CB3B381DEB8A2000417F26 /* CLUTimeSlider.h */ = {isa = PBXFileReference; fileEncoding = 4; lastKnownFileType = sourcecode.c.h; path = CLUTimeSlider.h; sourceTree = "<group>"; };
		E2CB3B391DEB8A2000417F26 /* CLUTimeSlider.m */ = {isa = PBXFileReference; fileEncoding = 4; lastKnownFileType = sourcecode.c.objc; path = CLUTimeSlider.m; sourceTree = "<group>"; };
		E2CB3B3C1DEB8A8300417F26 /* CLUTimeSliderCell.h */ = {isa = PBXFileReference; fileEncoding = 4; lastKnownFileType = sourcecode.c.h; path = CLUTimeSliderCell.h; sourceTree = "<group>"; };
		E2CB3B3D1DEB8A8300417F26 /* CLUTimeSliderCell.m */ = {isa = PBXFileReference; fileEncoding = 4; lastKnownFileType = sourcecode.c.objc; path = CLUTimeSliderCell.m; sourceTree = "<group>"; };
		E2CB3B3F1DEB8E2C00417F26 /* CLUTextLabel.h */ = {isa = PBXFileReference; fileEncoding = 4; lastKnownFileType = sourcecode.c.h; path = CLUTextLabel.h; sourceTree = "<group>"; };
		E2CB3B401DEB8E2C00417F26 /* CLUTextLabel.m */ = {isa = PBXFileReference; fileEncoding = 4; lastKnownFileType = sourcecode.c.objc; path = CLUTextLabel.m; sourceTree = "<group>"; };
		E2FA6DBE1DF336A300EBDBBA /* CLURootViewController.h */ = {isa = PBXFileReference; fileEncoding = 4; lastKnownFileType = sourcecode.c.h; path = CLURootViewController.h; sourceTree = "<group>"; };
		E2FA6DBF1DF336A300EBDBBA /* CLURootViewController.m */ = {isa = PBXFileReference; fileEncoding = 4; lastKnownFileType = sourcecode.c.objc; path = CLURootViewController.m; sourceTree = "<group>"; };
/* End PBXFileReference section */

/* Begin PBXFrameworksBuildPhase section */
		E20C2CB11DCE1EE600033248 /* Frameworks */ = {
			isa = PBXFrameworksBuildPhase;
			buildActionMask = 2147483647;
			files = (
				E2BF90E21E32B1EA00B8F18D /* KPCTabsControl.framework in Frameworks */,
			);
			runOnlyForDeploymentPostprocessing = 0;
		};
/* End PBXFrameworksBuildPhase section */

/* Begin PBXGroup section */
		E20B87421DCE246200D25D21 /* ViewControllers */ = {
			isa = PBXGroup;
			children = (
				E20B87431DCE248A00D25D21 /* CLUVideoViewController.h */,
				E20B87441DCE248A00D25D21 /* CLUVideoViewController.m */,
				E2FA6DBE1DF336A300EBDBBA /* CLURootViewController.h */,
				E2FA6DBF1DF336A300EBDBBA /* CLURootViewController.m */,
			);
			path = ViewControllers;
			sourceTree = "<group>";
		};
		E20C2CAB1DCE1EE600033248 = {
			isa = PBXGroup;
			children = (
				E20C2CB61DCE1EE600033248 /* Clue */,
				E20C2CB51DCE1EE600033248 /* Products */,
			);
			sourceTree = "<group>";
		};
		E20C2CB51DCE1EE600033248 /* Products */ = {
			isa = PBXGroup;
			children = (
				E20C2CB41DCE1EE600033248 /* Clue.app */,
			);
			name = Products;
			sourceTree = "<group>";
		};
		E20C2CB61DCE1EE600033248 /* Clue */ = {
			isa = PBXGroup;
			children = (
				E291544D1E3221C900619F5D /* Frameworks */,
				E2791DD01DCE20670010A549 /* Classes */,
				E20C2CCE1DCE1F7A00033248 /* Resources */,
				E20C2CC81DCE1EE600033248 /* Info.plist */,
				E20C2CBA1DCE1EE600033248 /* Supporting Files */,
			);
			path = Clue;
			sourceTree = "<group>";
		};
		E20C2CBA1DCE1EE600033248 /* Supporting Files */ = {
			isa = PBXGroup;
			children = (
				E20C2CBB1DCE1EE600033248 /* main.m */,
			);
			name = "Supporting Files";
			sourceTree = "<group>";
		};
		E20C2CCE1DCE1F7A00033248 /* Resources */ = {
			isa = PBXGroup;
			children = (
				E2791DD11DCE20FE0010A549 /* clue_document.icns */,
				E20C2CC01DCE1EE600033248 /* Document.xib */,
				E20C2CC31DCE1EE600033248 /* Assets.xcassets */,
				E20C2CC51DCE1EE600033248 /* MainMenu.xib */,
			);
			path = Resources;
			sourceTree = "<group>";
		};
		E2791DD01DCE20670010A549 /* Classes */ = {
			isa = PBXGroup;
			children = (
				E28E17C21DE106BD000CA903 /* Models */,
				E2CB3B311DEB6D1900417F26 /* Views */,
				E20B87421DCE246200D25D21 /* ViewControllers */,
				E20C2CB71DCE1EE600033248 /* AppDelegate.h */,
				E20C2CB81DCE1EE600033248 /* AppDelegate.m */,
				E20C2CBD1DCE1EE600033248 /* CLUDocument.h */,
				E20C2CBE1DCE1EE600033248 /* CLUDocument.m */,
			);
			path = Classes;
			sourceTree = "<group>";
		};
		E28E17C21DE106BD000CA903 /* Models */ = {
			isa = PBXGroup;
			children = (
				E28E17C31DE106F5000CA903 /* CLUVideo.h */,
				E28E17C41DE106F5000CA903 /* CLUVideo.m */,
				E2BF90E41E32B36000B8F18D /* CLUTabBarItem.h */,
				E2BF90E51E32B36000B8F18D /* CLUTabBarItem.m */,
			);
			path = Models;
			sourceTree = "<group>";
		};
		E291544D1E3221C900619F5D /* Frameworks */ = {
			isa = PBXGroup;
			children = (
				E2BF90E11E32B1EA00B8F18D /* KPCTabsControl.framework */,
			);
			path = Frameworks;
			sourceTree = "<group>";
		};
		E2CB3B311DEB6D1900417F26 /* Views */ = {
			isa = PBXGroup;
			children = (
				E2CB3B3B1DEB8A6400417F26 /* Cells */,
				E2CB3B351DEB88F400417F26 /* CLUVideoControlsView.h */,
				E2CB3B361DEB88F400417F26 /* CLUVideoControlsView.m */,
				E2CB3B381DEB8A2000417F26 /* CLUTimeSlider.h */,
				E2CB3B391DEB8A2000417F26 /* CLUTimeSlider.m */,
				E2CB3B3F1DEB8E2C00417F26 /* CLUTextLabel.h */,
				E2CB3B401DEB8E2C00417F26 /* CLUTextLabel.m */,
			);
			path = Views;
			sourceTree = "<group>";
		};
		E2CB3B3B1DEB8A6400417F26 /* Cells */ = {
			isa = PBXGroup;
			children = (
				E2CB3B3C1DEB8A8300417F26 /* CLUTimeSliderCell.h */,
				E2CB3B3D1DEB8A8300417F26 /* CLUTimeSliderCell.m */,
			);
			path = Cells;
			sourceTree = "<group>";
		};
/* End PBXGroup section */

/* Begin PBXNativeTarget section */
		E20C2CB31DCE1EE600033248 /* Clue */ = {
			isa = PBXNativeTarget;
			buildConfigurationList = E20C2CCB1DCE1EE600033248 /* Build configuration list for PBXNativeTarget "Clue" */;
			buildPhases = (
				E20C2CB01DCE1EE600033248 /* Sources */,
				E20C2CB11DCE1EE600033248 /* Frameworks */,
				E20C2CB21DCE1EE600033248 /* Resources */,
				E29154501E32224800619F5D /* CopyFiles */,
			);
			buildRules = (
			);
			dependencies = (
			);
			name = Clue;
			productName = Clue;
			productReference = E20C2CB41DCE1EE600033248 /* Clue.app */;
			productType = "com.apple.product-type.application";
		};
/* End PBXNativeTarget section */

/* Begin PBXProject section */
		E20C2CAC1DCE1EE600033248 /* Project object */ = {
			isa = PBXProject;
			attributes = {
				LastUpgradeCheck = 0810;
				ORGANIZATIONNAME = "Ahmed Sulaiman";
				TargetAttributes = {
					E20C2CB31DCE1EE600033248 = {
						CreatedOnToolsVersion = 8.1;
						ProvisioningStyle = Automatic;
					};
				};
			};
			buildConfigurationList = E20C2CAF1DCE1EE600033248 /* Build configuration list for PBXProject "Clue" */;
			compatibilityVersion = "Xcode 3.2";
			developmentRegion = English;
			hasScannedForEncodings = 0;
			knownRegions = (
				en,
				Base,
			);
			mainGroup = E20C2CAB1DCE1EE600033248;
			productRefGroup = E20C2CB51DCE1EE600033248 /* Products */;
			projectDirPath = "";
			projectRoot = "";
			targets = (
				E20C2CB31DCE1EE600033248 /* Clue */,
			);
		};
/* End PBXProject section */

/* Begin PBXResourcesBuildPhase section */
		E20C2CB21DCE1EE600033248 /* Resources */ = {
			isa = PBXResourcesBuildPhase;
			buildActionMask = 2147483647;
			files = (
				E2791DD21DCE20FE0010A549 /* clue_document.icns in Resources */,
				E20C2CC41DCE1EE600033248 /* Assets.xcassets in Resources */,
				E20C2CC21DCE1EE600033248 /* Document.xib in Resources */,
				E20C2CC71DCE1EE600033248 /* MainMenu.xib in Resources */,
			);
			runOnlyForDeploymentPostprocessing = 0;
		};
/* End PBXResourcesBuildPhase section */

/* Begin PBXSourcesBuildPhase section */
		E20C2CB01DCE1EE600033248 /* Sources */ = {
			isa = PBXSourcesBuildPhase;
			buildActionMask = 2147483647;
			files = (
				E2CB3B411DEB8E2C00417F26 /* CLUTextLabel.m in Sources */,
				E20C2CBF1DCE1EE600033248 /* CLUDocument.m in Sources */,
				E20B87451DCE248A00D25D21 /* CLUVideoViewController.m in Sources */,
				E28E17C51DE106F5000CA903 /* CLUVideo.m in Sources */,
				E2CB3B3A1DEB8A2000417F26 /* CLUTimeSlider.m in Sources */,
				E2FA6DC01DF336A300EBDBBA /* CLURootViewController.m in Sources */,
				E2CB3B3E1DEB8A8300417F26 /* CLUTimeSliderCell.m in Sources */,
				E20C2CBC1DCE1EE600033248 /* main.m in Sources */,
				E20C2CB91DCE1EE600033248 /* AppDelegate.m in Sources */,
				E2CB3B371DEB88F400417F26 /* CLUVideoControlsView.m in Sources */,
			);
			runOnlyForDeploymentPostprocessing = 0;
		};
/* End PBXSourcesBuildPhase section */

/* Begin PBXVariantGroup section */
		E20C2CC01DCE1EE600033248 /* Document.xib */ = {
			isa = PBXVariantGroup;
			children = (
				E20C2CC11DCE1EE600033248 /* Base */,
			);
			name = Document.xib;
			sourceTree = "<group>";
		};
		E20C2CC51DCE1EE600033248 /* MainMenu.xib */ = {
			isa = PBXVariantGroup;
			children = (
				E20C2CC61DCE1EE600033248 /* Base */,
			);
			name = MainMenu.xib;
			sourceTree = "<group>";
		};
/* End PBXVariantGroup section */

/* Begin XCBuildConfiguration section */
		E20C2CC91DCE1EE600033248 /* Debug */ = {
			isa = XCBuildConfiguration;
			buildSettings = {
				ALWAYS_SEARCH_USER_PATHS = NO;
				CLANG_ANALYZER_NONNULL = YES;
				CLANG_CXX_LANGUAGE_STANDARD = "gnu++0x";
				CLANG_CXX_LIBRARY = "libc++";
				CLANG_ENABLE_MODULES = YES;
				CLANG_ENABLE_OBJC_ARC = YES;
				CLANG_WARN_BOOL_CONVERSION = YES;
				CLANG_WARN_CONSTANT_CONVERSION = YES;
				CLANG_WARN_DIRECT_OBJC_ISA_USAGE = YES_ERROR;
				CLANG_WARN_DOCUMENTATION_COMMENTS = YES;
				CLANG_WARN_EMPTY_BODY = YES;
				CLANG_WARN_ENUM_CONVERSION = YES;
				CLANG_WARN_INFINITE_RECURSION = YES;
				CLANG_WARN_INT_CONVERSION = YES;
				CLANG_WARN_OBJC_ROOT_CLASS = YES_ERROR;
				CLANG_WARN_SUSPICIOUS_MOVES = YES;
				CLANG_WARN_UNREACHABLE_CODE = YES;
				CLANG_WARN__DUPLICATE_METHOD_MATCH = YES;
				CODE_SIGN_IDENTITY = "-";
				COPY_PHASE_STRIP = NO;
				DEBUG_INFORMATION_FORMAT = dwarf;
				ENABLE_STRICT_OBJC_MSGSEND = YES;
				ENABLE_TESTABILITY = YES;
				GCC_C_LANGUAGE_STANDARD = gnu99;
				GCC_DYNAMIC_NO_PIC = NO;
				GCC_NO_COMMON_BLOCKS = YES;
				GCC_OPTIMIZATION_LEVEL = 0;
				GCC_PREPROCESSOR_DEFINITIONS = (
					"DEBUG=1",
					"$(inherited)",
				);
				GCC_WARN_64_TO_32_BIT_CONVERSION = YES;
				GCC_WARN_ABOUT_RETURN_TYPE = YES_ERROR;
				GCC_WARN_UNDECLARED_SELECTOR = YES;
				GCC_WARN_UNINITIALIZED_AUTOS = YES_AGGRESSIVE;
				GCC_WARN_UNUSED_FUNCTION = YES;
				GCC_WARN_UNUSED_VARIABLE = YES;
				MACOSX_DEPLOYMENT_TARGET = 10.12;
				MTL_ENABLE_DEBUG_INFO = YES;
				ONLY_ACTIVE_ARCH = YES;
				SDKROOT = macosx;
			};
			name = Debug;
		};
		E20C2CCA1DCE1EE600033248 /* Release */ = {
			isa = XCBuildConfiguration;
			buildSettings = {
				ALWAYS_SEARCH_USER_PATHS = NO;
				CLANG_ANALYZER_NONNULL = YES;
				CLANG_CXX_LANGUAGE_STANDARD = "gnu++0x";
				CLANG_CXX_LIBRARY = "libc++";
				CLANG_ENABLE_MODULES = YES;
				CLANG_ENABLE_OBJC_ARC = YES;
				CLANG_WARN_BOOL_CONVERSION = YES;
				CLANG_WARN_CONSTANT_CONVERSION = YES;
				CLANG_WARN_DIRECT_OBJC_ISA_USAGE = YES_ERROR;
				CLANG_WARN_DOCUMENTATION_COMMENTS = YES;
				CLANG_WARN_EMPTY_BODY = YES;
				CLANG_WARN_ENUM_CONVERSION = YES;
				CLANG_WARN_INFINITE_RECURSION = YES;
				CLANG_WARN_INT_CONVERSION = YES;
				CLANG_WARN_OBJC_ROOT_CLASS = YES_ERROR;
				CLANG_WARN_SUSPICIOUS_MOVES = YES;
				CLANG_WARN_UNREACHABLE_CODE = YES;
				CLANG_WARN__DUPLICATE_METHOD_MATCH = YES;
				CODE_SIGN_IDENTITY = "-";
				COPY_PHASE_STRIP = NO;
				DEBUG_INFORMATION_FORMAT = "dwarf-with-dsym";
				ENABLE_NS_ASSERTIONS = NO;
				ENABLE_STRICT_OBJC_MSGSEND = YES;
				GCC_C_LANGUAGE_STANDARD = gnu99;
				GCC_NO_COMMON_BLOCKS = YES;
				GCC_WARN_64_TO_32_BIT_CONVERSION = YES;
				GCC_WARN_ABOUT_RETURN_TYPE = YES_ERROR;
				GCC_WARN_UNDECLARED_SELECTOR = YES;
				GCC_WARN_UNINITIALIZED_AUTOS = YES_AGGRESSIVE;
				GCC_WARN_UNUSED_FUNCTION = YES;
				GCC_WARN_UNUSED_VARIABLE = YES;
				MACOSX_DEPLOYMENT_TARGET = 10.12;
				MTL_ENABLE_DEBUG_INFO = NO;
				SDKROOT = macosx;
			};
			name = Release;
		};
		E20C2CCC1DCE1EE600033248 /* Debug */ = {
			isa = XCBuildConfiguration;
			buildSettings = {
				ALWAYS_EMBED_SWIFT_STANDARD_LIBRARIES = YES;
				ASSETCATALOG_COMPILER_APPICON_NAME = AppIcon;
				COMBINE_HIDPI_IMAGES = YES;
				FRAMEWORK_SEARCH_PATHS = (
					"$(inherited)",
					"$(PROJECT_DIR)/Clue/Frameworks",
				);
				INFOPLIST_FILE = Clue/Info.plist;
				LD_RUNPATH_SEARCH_PATHS = "$(inherited) @executable_path/../Frameworks";
				PRODUCT_BUNDLE_IDENTIFIER = com.clue.app.Clue;
				PRODUCT_NAME = "$(TARGET_NAME)";
			};
			name = Debug;
		};
		E20C2CCD1DCE1EE600033248 /* Release */ = {
			isa = XCBuildConfiguration;
			buildSettings = {
				ALWAYS_EMBED_SWIFT_STANDARD_LIBRARIES = YES;
				ASSETCATALOG_COMPILER_APPICON_NAME = AppIcon;
				COMBINE_HIDPI_IMAGES = YES;
				FRAMEWORK_SEARCH_PATHS = (
					"$(inherited)",
					"$(PROJECT_DIR)/Clue/Frameworks",
				);
				INFOPLIST_FILE = Clue/Info.plist;
				LD_RUNPATH_SEARCH_PATHS = "$(inherited) @executable_path/../Frameworks";
				PRODUCT_BUNDLE_IDENTIFIER = com.clue.app.Clue;
				PRODUCT_NAME = "$(TARGET_NAME)";
			};
			name = Release;
		};
/* End XCBuildConfiguration section */

/* Begin XCConfigurationList section */
		E20C2CAF1DCE1EE600033248 /* Build configuration list for PBXProject "Clue" */ = {
			isa = XCConfigurationList;
			buildConfigurations = (
				E20C2CC91DCE1EE600033248 /* Debug */,
				E20C2CCA1DCE1EE600033248 /* Release */,
			);
			defaultConfigurationIsVisible = 0;
			defaultConfigurationName = Release;
		};
		E20C2CCB1DCE1EE600033248 /* Build configuration list for PBXNativeTarget "Clue" */ = {
			isa = XCConfigurationList;
			buildConfigurations = (
				E20C2CCC1DCE1EE600033248 /* Debug */,
				E20C2CCD1DCE1EE600033248 /* Release */,
			);
			defaultConfigurationIsVisible = 0;
			defaultConfigurationName = Release;
		};
/* End XCConfigurationList section */
	};
	rootObject = E20C2CAC1DCE1EE600033248 /* Project object */;
}
